
Microsoft Visual Studio Solution File, Format Version 12.00
Project("{FAE04EC0-301F-11D3-BF4B-00C04F79EFBC}") = "Watermark", "Watermark\Watermark.csproj", "{D8F9915B-ACC0-48A5-913B-4E8242100701}"
EndProject
Global
	GlobalSection(SolutionConfigurationPlatforms) = preSolution
		Debug|Any CPU = Debug|Any CPU
		Release|Any CPU = Release|Any CPU
	EndGlobalSection
	GlobalSection(ProjectConfigurationPlatforms) = postSolution
		{D8F9915B-ACC0-48A5-913B-4E8242100701}.Debug|Any CPU.ActiveCfg = Debug|Any CPU
		{D8F9915B-ACC0-48A5-913B-4E8242100701}.Debug|Any CPU.Build.0 = Debug|Any CPU
		{D8F9915B-ACC0-48A5-913B-4E8242100701}.Release|Any CPU.ActiveCfg = Release|Any CPU
		{D8F9915B-ACC0-48A5-913B-4E8242100701}.Release|Any CPU.Build.0 = Release|Any CPU
	EndGlobalSection
EndGlobal
